
Microsoft Visual Studio Solution File, Format Version 12.00
# Visual Studio 2012
Project("{FAE04EC0-301F-11D3-BF4B-00C04F79EFBC}") = "Tutorial", "Tutorial\Tutorial.csproj", "{50261D1F-EA60-4C82-86BE-EB129DD58EC1}"
EndProject
Project("{FAE04EC0-301F-11D3-BF4B-00C04F79EFBC}") = "Phoneword_Droid", "Phoneword_Droid\Phoneword_Droid.csproj", "{940AB88A-24EB-4177-9CE4-E6CD947C0907}"
EndProject
Project("{FAE04EC0-301F-11D3-BF4B-00C04F79EFBC}") = "ActivityLifecycle", "ActivityLifecycle\ActivityLifecycle.csproj", "{23103CC9-AC04-436C-B08B-0E1FE6EC5D2A}"
EndProject
Global
	GlobalSection(SolutionConfigurationPlatforms) = preSolution
		Debug|Any CPU = Debug|Any CPU
		Release|Any CPU = Release|Any CPU
	EndGlobalSection
	GlobalSection(ProjectConfigurationPlatforms) = postSolution
		{23103CC9-AC04-436C-B08B-0E1FE6EC5D2A}.Debug|Any CPU.ActiveCfg = Debug|Any CPU
		{23103CC9-AC04-436C-B08B-0E1FE6EC5D2A}.Debug|Any CPU.Build.0 = Debug|Any CPU
		{23103CC9-AC04-436C-B08B-0E1FE6EC5D2A}.Release|Any CPU.ActiveCfg = Release|Any CPU
		{23103CC9-AC04-436C-B08B-0E1FE6EC5D2A}.Release|Any CPU.Build.0 = Release|Any CPU
		{50261D1F-EA60-4C82-86BE-EB129DD58EC1}.Debug|Any CPU.ActiveCfg = Debug|Any CPU
		{50261D1F-EA60-4C82-86BE-EB129DD58EC1}.Debug|Any CPU.Build.0 = Debug|Any CPU
		{50261D1F-EA60-4C82-86BE-EB129DD58EC1}.Release|Any CPU.ActiveCfg = Release|Any CPU
		{50261D1F-EA60-4C82-86BE-EB129DD58EC1}.Release|Any CPU.Build.0 = Release|Any CPU
		{940AB88A-24EB-4177-9CE4-E6CD947C0907}.Debug|Any CPU.ActiveCfg = Debug|Any CPU
		{940AB88A-24EB-4177-9CE4-E6CD947C0907}.Debug|Any CPU.Build.0 = Debug|Any CPU
		{940AB88A-24EB-4177-9CE4-E6CD947C0907}.Release|Any CPU.ActiveCfg = Release|Any CPU
		{940AB88A-24EB-4177-9CE4-E6CD947C0907}.Release|Any CPU.Build.0 = Release|Any CPU
	EndGlobalSection
	GlobalSection(MonoDevelopProperties) = preSolution
		StartupItem = Phoneword_Droid\Phoneword_Droid.csproj
	EndGlobalSection
EndGlobal
